
Microsoft Visual Studio Solution File, Format Version 12.00
# Visual Studio Version 17
VisualStudioVersion = 17.10.34916.146
MinimumVisualStudioVersion = 10.0.40219.1
Project("{FAE04EC0-301F-11D3-BF4B-00C04F79EFBC}") = "TechBlogAPI", "TechBlogAPI\TechBlogAPI.csproj", "{8898DC0A-8180-4BBF-AACE-28A6DBE64469}"
EndProject
Global
	GlobalSection(SolutionConfigurationPlatforms) = preSolution
		Debug|Any CPU = Debug|Any CPU
		Release|Any CPU = Release|Any CPU
	EndGlobalSection
	GlobalSection(ProjectConfigurationPlatforms) = postSolution
		{8898DC0A-8180-4BBF-AACE-28A6DBE64469}.Debug|Any CPU.ActiveCfg = Debug|Any CPU
		{8898DC0A-8180-4BBF-AACE-28A6DBE64469}.Debug|Any CPU.Build.0 = Debug|Any CPU
		{8898DC0A-8180-4BBF-AACE-28A6DBE64469}.Release|Any CPU.ActiveCfg = Release|Any CPU
		{8898DC0A-8180-4BBF-AACE-28A6DBE64469}.Release|Any CPU.Build.0 = Release|Any CPU
	EndGlobalSection
	GlobalSection(SolutionProperties) = preSolution
		HideSolutionNode = FALSE
	EndGlobalSection
	GlobalSection(ExtensibilityGlobals) = postSolution
		SolutionGuid = {AB023986-B258-4119-A2D5-E41136C5E4AE}
	EndGlobalSection
EndGlobal
